<?xml version="1.0" encoding="utf-8"?>
<Project ToolsVersion="4.0" xmlns="http://schemas.microsoft.com/developer/msbuild/2003">
  <ItemGroup>
    <ClCompile Include="BackgroundMenuButton.cpp" />
    <ClCompile Include="BasePanel.cpp" />
    <ClCompile Include="BitmapButton.cpp" />
    <ClCompile Include="BitmapImagePanel.cpp" />
    <ClCompile Include="CareerBaseFrame.cpp" />
    <ClCompile Include="CareerBox.cpp" />
    <ClCompile Include="CareerGame.cpp" />
    <ClCompile Include="CareerGameTasks.cpp" />
    <ClCompile Include="CareerMapFrame.cpp" />
    <ClCompile Include="CareerProfile.cpp" />
    <ClCompile Include="CareerProfileFrame.cpp" />
    <ClCompile Include="CDKeyEntryDialog.cpp" />
    <ClCompile Include="CommandCheckButton.cpp" />
    <ClCompile Include="ContentControlDialog.cpp" />
    <ClCompile Include="CreateMultiplayerGameBotPage.cpp" />
    <ClCompile Include="CreateMultiplayerGameDialog.cpp" />
    <ClCompile Include="CreateMultiplayerGameGameplayPage.cpp" />
    <ClCompile Include="CreateMultiplayerGameServerPage.cpp" />
    <ClCompile Include="CvarLatch.cpp" />
    <ClCompile Include="CvarNegateCheckButton.cpp" />
    <ClCompile Include="CvarSlider.cpp" />
    <ClCompile Include="CvarTextEntry.cpp" />
    <ClCompile Include="CvarToggleCheckButton.cpp" />
    <ClCompile Include="DottedLabel.cpp" />
    <ClCompile Include="GameConsole.cpp" />
    <ClCompile Include="GameConsoleDialog.cpp" />
    <ClCompile Include="GameUI_Interface.cpp" />
    <ClCompile Include="HelpDialog.cpp" />
    <ClCompile Include="ImageButton.cpp" />
    <ClCompile Include="KeyToggleCheckButton.cpp" />
    <ClCompile Include="LabeledCommandComboBox.cpp" />
    <ClCompile Include="labelslidercombo.cpp" />
    <ClCompile Include="LoadGameDialog.cpp" />
    <ClCompile Include="LoadingDialog.cpp" />
    <ClCompile Include="LogoFile.cpp" />
    <ClCompile Include="ModInfo.cpp" />
    <ClCompile Include="MultiplayerAdvancedDialog.cpp" />
    <ClCompile Include="MusicManager.cpp" />
    <ClCompile Include="NewGameDialog.cpp" />
    <ClCompile Include="OptionsDialog.cpp" />
    <ClCompile Include="OptionsSubAdvanced.cpp" />
    <ClCompile Include="OptionsSubAudio.cpp" />
    <ClCompile Include="OptionsSubKeyboard.cpp" />
    <ClCompile Include="OptionsSubMouse.cpp" />
    <ClCompile Include="OptionsSubMultiplayer.cpp" />
    <ClCompile Include="OptionsSubVideo.cpp" />
    <ClCompile Include="OptionsSubVoice.cpp" />
    <ClCompile Include="PanelListPanel.cpp" />
    <ClCompile Include="PlayerListDialog.cpp" />
    <ClCompile Include="RefreshSteamLogin.cpp" />
    <ClCompile Include="RunGameEngine.cpp" />
    <ClCompile Include="SaveGameDialog.cpp" />
    <ClCompile Include="ScriptObject.cpp" />
    <ClCompile Include="Sys_Utils.cpp" />
    <ClCompile Include="Taskbar.cpp" />
    <ClCompile Include="TaskButton.cpp" />
    <ClCompile Include="TextEntryBox.cpp" />
    <ClCompile Include="vcontrolslistpanel.cpp" />
    <ClCompile Include="VGuiSystemModuleLoader.cpp" />
    <ClCompile Include="..\public\interface.cpp" />
    <ClCompile Include="..\common\Random.cpp" />
    <ClCompile Include="..\game_shared\bot\bot_profile.cpp" />
    <ClCompile Include="..\game_shared\shared_util.cpp" />
  </ItemGroup>
  <ItemGroup>
    <ClInclude Include="BackgroundMenuButton.h" />
    <ClInclude Include="BasePanel.h" />
    <ClInclude Include="BitmapButton.h" />
    <ClInclude Include="BitmapImagePanel.h" />
    <ClInclude Include="CareerBaseFrame.h" />
    <ClInclude Include="CareerBox.h" />
    <ClInclude Include="CareerGame.h" />
    <ClInclude Include="CareerGameTasks.h" />
    <ClInclude Include="CareerMapFrame.h" />
    <ClInclude Include="CareerProfile.h" />
    <ClInclude Include="CareerProfileFrame.h" />
    <ClInclude Include="CDKeyEntryDialog.h" />
    <ClInclude Include="CommandCheckButton.h" />
    <ClInclude Include="ContentControlDialog.h" />
    <ClInclude Include="CreateMultiplayerGameBotPage.h" />
    <ClInclude Include="CreateMultiplayerGameDialog.h" />
    <ClInclude Include="CreateMultiplayerGameGameplayPage.h" />
    <ClInclude Include="CreateMultiplayerGameServerPage.h" />
    <ClInclude Include="CvarLatch.h" />
    <ClInclude Include="CvarNegateCheckButton.h" />
    <ClInclude Include="CvarSlider.h" />
    <ClInclude Include="CvarTextEntry.h" />
    <ClInclude Include="CvarToggleCheckButton.h" />
    <ClInclude Include="DottedLabel.h" />
    <ClInclude Include="EngineInterface.h" />
    <ClInclude Include="GameConsole.h" />
    <ClInclude Include="GameConsoleDialog.h" />
    <ClInclude Include="GameUI_Interface.h" />
    <ClInclude Include="HelpDialog.h" />
    <ClInclude Include="ImageButton.h" />
    <ClInclude Include="KeyToggleCheckButton.h" />
    <ClInclude Include="LabeledCommandComboBox.h" />
    <ClInclude Include="labelslidercombo.h" />
    <ClInclude Include="LoadGameDialog.h" />
    <ClInclude Include="LoadingDialog.h" />
    <ClInclude Include="LogoFile.h" />
    <ClInclude Include="ModInfo.h" />
    <ClInclude Include="MultiplayerAdvancedDialog.h" />
    <ClInclude Include="MusicManager.h" />
    <ClInclude Include="NewGameDialog.h" />
    <ClInclude Include="OptionsDialog.h" />
    <ClInclude Include="OptionsSubAdvanced.h" />
    <ClInclude Include="OptionsSubAudio.h" />
    <ClInclude Include="OptionsSubKeyboard.h" />
    <ClInclude Include="OptionsSubMouse.h" />
    <ClInclude Include="OptionsSubMultiplayer.h" />
    <ClInclude Include="OptionsSubVideo.h" />
    <ClInclude Include="OptionsSubVoice.h" />
    <ClInclude Include="PanelListPanel.h" />
    <ClInclude Include="PlayerListDialog.h" />
    <ClInclude Include="RefreshSteamLogin.h" />
    <ClInclude Include="RunGameEngine.h" />
    <ClInclude Include="SaveGameDialog.h" />
    <ClInclude Include="ScriptObject.h" />
    <ClInclude Include="Sys_Utils.h" />
    <ClInclude Include="Taskbar.h" />
    <ClInclude Include="TaskButton.h" />
    <ClInclude Include="taskframe.h" />
    <ClInclude Include="TextEntryBox.h" />
    <ClInclude Include="vcontrolslistpanel.h" />
    <ClInclude Include="VGuiSystemModuleLoader.h" />
    <ClInclude Include="..\common\Random.h" />
    <ClInclude Include="..\common\GameUI\CareerDefs.h" />
    <ClInclude Include="..\common\GameUI\ICareerUI.h" />
    <ClInclude Include="..\common\GameUI\IClientVGUI.h" />
    <ClInclude Include="..\common\GameUI\IGameConsole.h" />
    <ClInclude Include="..\common\GameUI\IGameUI.h" />
    <ClInclude Include="..\common\GameUI\IMusicManager.h" />
    <ClInclude Include="..\common\port.h" />
    <ClInclude Include="..\game_shared\bot\bot_profile.h" />
    <ClInclude Include="..\game_shared\shared_util.h" />
  </ItemGroup>
</Project>