<?xml version="1.0" encoding="utf-8"?>
<Project ToolsVersion="4.0" xmlns="http://schemas.microsoft.com/developer/msbuild/2003">
  <ItemGroup>
    <Filter Include="Sources">
      <UniqueIdentifier>{5e23f945-45f6-4b5f-9807-22aadbba34ca}</UniqueIdentifier>
    </Filter>
    <Filter Include="Headers">
      <UniqueIdentifier>{41ddff21-f60a-486a-9118-52fcfa6c6730}</UniqueIdentifier>
    </Filter>
    <Filter Include="Other">
      <UniqueIdentifier>{1df2cd5b-db8c-49d0-8c17-4fce8b94793e}</UniqueIdentifier>
    </Filter>
  </ItemGroup>
  <ItemGroup>
    <ClCompile Include="cd.cpp">
      <Filter>Sources</Filter>
    </ClCompile>
    <ClCompile Include="vgui2\BaseUI_Interface.cpp">
      <Filter>Sources</Filter>
    </ClCompile>
    <ClCompile Include="vgui2\BaseUISurface.cpp">
      <Filter>Sources</Filter>
    </ClCompile>
    <ClCompile Include="buildnum.cpp">
      <Filter>Sources</Filter>
    </ClCompile>
    <ClCompile Include="cdll_exp.cpp">
      <Filter>Sources</Filter>
    </ClCompile>
    <ClCompile Include="cdll_int.cpp">
      <Filter>Sources</Filter>
    </ClCompile>
    <ClCompile Include="chase.cpp">
      <Filter>Sources</Filter>
    </ClCompile>
    <ClCompile Include="cl_demo.cpp">
      <Filter>Sources</Filter>
    </ClCompile>
    <ClCompile Include="cl_draw.cpp">
      <Filter>Sources</Filter>
    </ClCompile>
    <ClCompile Include="cl_ents.cpp">
      <Filter>Sources</Filter>
    </ClCompile>
    <ClCompile Include="cl_main.cpp">
      <Filter>Sources</Filter>
    </ClCompile>
    <ClCompile Include="cl_parse.cpp">
      <Filter>Sources</Filter>
    </ClCompile>
    <ClCompile Include="cl_parsefn.cpp">
      <Filter>Sources</Filter>
    </ClCompile>
    <ClCompile Include="cl_pmove.cpp">
      <Filter>Sources</Filter>
    </ClCompile>
    <ClCompile Include="cl_pred.cpp">
      <Filter>Sources</Filter>
    </ClCompile>
    <ClCompile Include="cl_spectator.cpp">
      <Filter>Sources</Filter>
    </ClCompile>
    <ClCompile Include="cl_tent.cpp">
      <Filter>Sources</Filter>
    </ClCompile>
    <ClCompile Include="cmd.cpp">
      <Filter>Sources</Filter>
    </ClCompile>
    <ClCompile Include="cmodel.cpp">
      <Filter>Sources</Filter>
    </ClCompile>
    <ClCompile Include="com_custom.cpp">
      <Filter>Sources</Filter>
    </ClCompile>
    <ClCompile Include="common.cpp">
      <Filter>Sources</Filter>
    </ClCompile>
    <ClCompile Include="console.cpp">
      <Filter>Sources</Filter>
    </ClCompile>
    <ClCompile Include="crc.cpp">
      <Filter>Sources</Filter>
    </ClCompile>
    <ClCompile Include="cvar.cpp">
      <Filter>Sources</Filter>
    </ClCompile>
    <ClCompile Include="decals.cpp">
      <Filter>Sources</Filter>
    </ClCompile>
    <ClCompile Include="delta.cpp">
      <Filter>Sources</Filter>
    </ClCompile>
    <ClCompile Include="DemoPlayerWrapper.cpp">
      <Filter>Sources</Filter>
    </ClCompile>
    <ClCompile Include="DetailTexture.cpp">
      <Filter>Sources</Filter>
    </ClCompile>
    <ClCompile Include="eventapi.cpp">
      <Filter>Sources</Filter>
    </ClCompile>
    <ClCompile Include="filesystem.cpp">
      <Filter>Sources</Filter>
    </ClCompile>
    <ClCompile Include="filesystem_internal.cpp">
      <Filter>Sources</Filter>
    </ClCompile>
    <ClCompile Include="vgui2\FontTextureCache.cpp">
      <Filter>Sources</Filter>
    </ClCompile>
    <ClCompile Include="gl_draw.cpp">
      <Filter>Sources</Filter>
    </ClCompile>
    <ClCompile Include="gl_mesh.cpp">
      <Filter>Sources</Filter>
    </ClCompile>
    <ClCompile Include="gl_model.cpp">
      <Filter>Sources</Filter>
    </ClCompile>
    <ClCompile Include="gl_rmain.cpp">
      <Filter>Sources</Filter>
    </ClCompile>
    <ClCompile Include="gl_rmisc.cpp">
      <Filter>Sources</Filter>
    </ClCompile>
    <ClCompile Include="gl_rsurf.cpp">
      <Filter>Sources</Filter>
    </ClCompile>
    <ClCompile Include="gl_screen.cpp">
      <Filter>Sources</Filter>
    </ClCompile>
    <ClCompile Include="gl_vidnt.cpp">
      <Filter>Sources</Filter>
    </ClCompile>
    <ClCompile Include="gl_warp.cpp">
      <Filter>Sources</Filter>
    </ClCompile>
    <ClCompile Include="glHud.cpp">
      <Filter>Sources</Filter>
    </ClCompile>
    <ClCompile Include="hashpak.cpp">
      <Filter>Sources</Filter>
    </ClCompile>
    <ClCompile Include="host.cpp">
      <Filter>Sources</Filter>
    </ClCompile>
    <ClCompile Include="host_cmd.cpp">
      <Filter>Sources</Filter>
    </ClCompile>
    <ClCompile Include="HUD.cpp">
      <Filter>Sources</Filter>
    </ClCompile>
    <ClCompile Include="info.cpp">
      <Filter>Sources</Filter>
    </ClCompile>
    <ClCompile Include="ipratelimit.cpp">
      <Filter>Sources</Filter>
    </ClCompile>
    <ClCompile Include="ipratelimitWrapper.cpp">
      <Filter>Sources</Filter>
    </ClCompile>
    <ClCompile Include="keys.cpp">
      <Filter>Sources</Filter>
    </ClCompile>
    <ClCompile Include="LoadBlob.cpp">
      <Filter>Sources</Filter>
    </ClCompile>
    <ClCompile Include="mathlib.cpp">
      <Filter>Sources</Filter>
    </ClCompile>
    <ClCompile Include="mem.cpp">
      <Filter>Sources</Filter>
    </ClCompile>
    <ClCompile Include="module.cpp">
      <Filter>Sources</Filter>
    </ClCompile>
    <ClCompile Include="net_api.cpp">
      <Filter>Sources</Filter>
    </ClCompile>
    <ClCompile Include="net_chan.cpp">
      <Filter>Sources</Filter>
    </ClCompile>
    <ClCompile Include="net_ws.cpp">
      <Filter>Sources</Filter>
    </ClCompile>
    <ClCompile Include="pmove.cpp">
      <Filter>Sources</Filter>
    </ClCompile>
    <ClCompile Include="pmovetst.cpp">
      <Filter>Sources</Filter>
    </ClCompile>
    <ClCompile Include="pr_cmds.cpp">
      <Filter>Sources</Filter>
    </ClCompile>
    <ClCompile Include="pr_edict.cpp">
      <Filter>Sources</Filter>
    </ClCompile>
    <ClCompile Include="qgl.cpp">
      <Filter>Sources</Filter>
    </ClCompile>
    <ClCompile Include="r_efx.cpp">
      <Filter>Sources</Filter>
    </ClCompile>
    <ClCompile Include="r_part.cpp">
      <Filter>Sources</Filter>
    </ClCompile>
    <ClCompile Include="r_studio.cpp">
      <Filter>Sources</Filter>
    </ClCompile>
    <ClCompile Include="r_triangle.cpp">
      <Filter>Sources</Filter>
    </ClCompile>
    <ClCompile Include="sequence.cpp">
      <Filter>Sources</Filter>
    </ClCompile>
    <ClCompile Include="snd_dma.cpp">
      <Filter>Sources</Filter>
    </ClCompile>
    <ClCompile Include="snd_mix.cpp">
      <Filter>Sources</Filter>
    </ClCompile>
    <ClCompile Include="snd_sdl.cpp">
      <Filter>Sources</Filter>
    </ClCompile>
    <ClCompile Include="sv_log.cpp">
      <Filter>Sources</Filter>
    </ClCompile>
    <ClCompile Include="sv_main.cpp">
      <Filter>Sources</Filter>
    </ClCompile>
    <ClCompile Include="sv_phys.cpp">
      <Filter>Sources</Filter>
    </ClCompile>
    <ClCompile Include="sv_secure.cpp">
      <Filter>Sources</Filter>
    </ClCompile>
    <ClCompile Include="sv_steam3.cpp">
      <Filter>Sources</Filter>
    </ClCompile>
    <ClCompile Include="sv_upld.cpp">
      <Filter>Sources</Filter>
    </ClCompile>
    <ClCompile Include="sys_dll.cpp">
      <Filter>Sources</Filter>
    </ClCompile>
    <ClCompile Include="sys_dll2.cpp">
      <Filter>Sources</Filter>
    </ClCompile>
    <ClCompile Include="sys_engine.cpp">
      <Filter>Sources</Filter>
    </ClCompile>
    <ClCompile Include="sys_getmodes.cpp">
      <Filter>Sources</Filter>
    </ClCompile>
    <ClCompile Include="sys_sdlwind.cpp">
      <Filter>Sources</Filter>
    </ClCompile>
    <ClCompile Include="SystemWrapper.cpp">
      <Filter>Sources</Filter>
    </ClCompile>
    <ClCompile Include="vgui2\text_draw.cpp">
      <Filter>Sources</Filter>
    </ClCompile>
    <ClCompile Include="textures.cpp">
      <Filter>Sources</Filter>
    </ClCompile>
    <ClCompile Include="tmessage.cpp">
      <Filter>Sources</Filter>
    </ClCompile>
    <ClCompile Include="traceinit.cpp">
      <Filter>Sources</Filter>
    </ClCompile>
    <ClCompile Include="vgui_EngineSurface.cpp">
      <Filter>Sources</Filter>
    </ClCompile>
    <ClCompile Include="vgui_EngineSurfaceHW.cpp">
      <Filter>Sources</Filter>
    </ClCompile>
    <ClCompile Include="vgui_EngineSurfaceWin32.cpp">
      <Filter>Sources</Filter>
    </ClCompile>
    <ClCompile Include="VGUI_EngineSurfaceWrap.cpp">
      <Filter>Sources</Filter>
    </ClCompile>
    <ClCompile Include="vgui_int.cpp">
      <Filter>Sources</Filter>
    </ClCompile>
    <ClCompile Include="vgui_intwrap.cpp">
      <Filter>Sources</Filter>
    </ClCompile>
    <ClCompile Include="vgui_intwrap2.cpp">
      <Filter>Sources</Filter>
    </ClCompile>
    <ClCompile Include="view.cpp">
      <Filter>Sources</Filter>
    </ClCompile>
    <ClCompile Include="voice.cpp">
      <Filter>Sources</Filter>
    </ClCompile>
    <ClCompile Include="wad.cpp">
      <Filter>Sources</Filter>
    </ClCompile>
    <ClCompile Include="world.cpp">
      <Filter>Sources</Filter>
    </ClCompile>
    <ClCompile Include="zone.cpp">
      <Filter>Sources</Filter>
    </ClCompile>
    <ClCompile Include="..\common\BaseSystemModule.cpp">
      <Filter>Other</Filter>
    </ClCompile>
    <ClCompile Include="..\tier1\interface.cpp">
      <Filter>Other</Filter>
    </ClCompile>
    <ClCompile Include="..\tier1\CharacterSet.cpp">
      <Filter>Other</Filter>
    </ClCompile>
    <ClCompile Include="..\tier1\TokenReader.cpp">
      <Filter>Other</Filter>
    </ClCompile>
    <ClCompile Include="..\public\FileSystem_Helpers.cpp">
      <Filter>Other</Filter>
    </ClCompile>
    <ClCompile Include="..\common\FilePaths.cpp">
      <Filter>Other</Filter>
    </ClCompile>
    <ClCompile Include="..\common\TokenLine.cpp">
      <Filter>Other</Filter>
    </ClCompile>
    <ClCompile Include="..\common\ObjectList.cpp">
      <Filter>Other</Filter>
    </ClCompile>
    <ClCompile Include="..\public\registry.cpp">
      <Filter>Other</Filter>
    </ClCompile>
    <ClCompile Include="..\public\interface.cpp">
      <Filter>Other</Filter>
    </ClCompile>
  </ItemGroup>
  <ItemGroup>
    <ClInclude Include="anorms.h">
      <Filter>Headers</Filter>
    </ClInclude>
    <ClInclude Include="APIProxy.h">
      <Filter>Headers</Filter>
    </ClInclude>
    <ClInclude Include="vgui2\BasePanel.h">
      <Filter>Headers</Filter>
    </ClInclude>
    <ClInclude Include="vgui2\BaseUI_Interface.h">
      <Filter>Headers</Filter>
    </ClInclude>
    <ClInclude Include="vgui2\BaseUISurface.h">
      <Filter>Headers</Filter>
    </ClInclude>
    <ClInclude Include="buildnum.h">
      <Filter>Headers</Filter>
    </ClInclude>
    <ClInclude Include="cdaudio.h">
      <Filter>Headers</Filter>
    </ClInclude>
    <ClInclude Include="cdll_exp.h">
      <Filter>Headers</Filter>
    </ClInclude>
    <ClInclude Include="cdll_int.h">
      <Filter>Headers</Filter>
    </ClInclude>
    <ClInclude Include="chase.h">
      <Filter>Headers</Filter>
    </ClInclude>
    <ClInclude Include="cl_demo.h">
      <Filter>Headers</Filter>
    </ClInclude>
    <ClInclude Include="cl_draw.h">
      <Filter>Headers</Filter>
    </ClInclude>
    <ClInclude Include="cl_ents.h">
      <Filter>Headers</Filter>
    </ClInclude>
    <ClInclude Include="cl_main.h">
      <Filter>Headers</Filter>
    </ClInclude>
    <ClInclude Include="cl_parse.h">
      <Filter>Headers</Filter>
    </ClInclude>
    <ClInclude Include="cl_parsefn.h">
      <Filter>Headers</Filter>
    </ClInclude>
    <ClInclude Include="cl_pmove.h">
      <Filter>Headers</Filter>
    </ClInclude>
    <ClInclude Include="cl_pred.h">
      <Filter>Headers</Filter>
    </ClInclude>
    <ClInclude Include="cl_spectator.h">
      <Filter>Headers</Filter>
    </ClInclude>
    <ClInclude Include="cl_tent.h">
      <Filter>Headers</Filter>
    </ClInclude>
    <ClInclude Include="client.h">
      <Filter>Headers</Filter>
    </ClInclude>
    <ClInclude Include="cmd.h">
      <Filter>Headers</Filter>
    </ClInclude>
    <ClInclude Include="cmodel.h">
      <Filter>Headers</Filter>
    </ClInclude>
    <ClInclude Include="com_custom.h">
      <Filter>Headers</Filter>
    </ClInclude>
    <ClInclude Include="common.h">
      <Filter>Headers</Filter>
    </ClInclude>
    <ClInclude Include="console.h">
      <Filter>Headers</Filter>
    </ClInclude>
    <ClInclude Include="custom.h">
      <Filter>Headers</Filter>
    </ClInclude>
    <ClInclude Include="customentity.h">
      <Filter>Headers</Filter>
    </ClInclude>
    <ClInclude Include="cvar.h">
      <Filter>Headers</Filter>
    </ClInclude>
    <ClInclude Include="decals.h">
      <Filter>Headers</Filter>
    </ClInclude>
    <ClInclude Include="delta.h">
      <Filter>Headers</Filter>
    </ClInclude>
    <ClInclude Include="DemoPlayerWrapper.h">
      <Filter>Headers</Filter>
    </ClInclude>
    <ClInclude Include="DetailTexture.h">
      <Filter>Headers</Filter>
    </ClInclude>
    <ClInclude Include="edict.h">
      <Filter>Headers</Filter>
    </ClInclude>
    <ClInclude Include="eiface.h">
      <Filter>Headers</Filter>
    </ClInclude>
    <ClInclude Include="eventapi.h">
      <Filter>Headers</Filter>
    </ClInclude>
    <ClInclude Include="filesystem.h">
      <Filter>Headers</Filter>
    </ClInclude>
    <ClInclude Include="vgui2\FontTextureCache.h">
      <Filter>Headers</Filter>
    </ClInclude>
    <ClInclude Include="gl_draw.h">
      <Filter>Headers</Filter>
    </ClInclude>
    <ClInclude Include="gl_mesh.h">
      <Filter>Headers</Filter>
    </ClInclude>
    <ClInclude Include="gl_model.h">
      <Filter>Headers</Filter>
    </ClInclude>
    <ClInclude Include="gl_rmain.h">
      <Filter>Headers</Filter>
    </ClInclude>
    <ClInclude Include="gl_rmisc.h">
      <Filter>Headers</Filter>
    </ClInclude>
    <ClInclude Include="gl_rsurf.h">
      <Filter>Headers</Filter>
    </ClInclude>
    <ClInclude Include="gl_screen.h">
      <Filter>Headers</Filter>
    </ClInclude>
    <ClInclude Include="gl_vidnt.h">
      <Filter>Headers</Filter>
    </ClInclude>
    <ClInclude Include="glHud.h">
      <Filter>Headers</Filter>
    </ClInclude>
    <ClInclude Include="hashpak.h">
      <Filter>Headers</Filter>
    </ClInclude>
    <ClInclude Include="host.h">
      <Filter>Headers</Filter>
    </ClInclude>
    <ClInclude Include="host_cmd.h">
      <Filter>Headers</Filter>
    </ClInclude>
    <ClInclude Include="HUD.h">
      <Filter>Headers</Filter>
    </ClInclude>
    <ClInclude Include="IEngine.h">
      <Filter>Headers</Filter>
    </ClInclude>
    <ClInclude Include="IGame.h">
      <Filter>Headers</Filter>
    </ClInclude>
    <ClInclude Include="vgui2\IMouseControl.h">
      <Filter>Headers</Filter>
    </ClInclude>
    <ClInclude Include="info.h">
      <Filter>Headers</Filter>
    </ClInclude>
    <ClInclude Include="ipratelimit.h">
      <Filter>Headers</Filter>
    </ClInclude>
    <ClInclude Include="ipratelimitWrapper.h">
      <Filter>Headers</Filter>
    </ClInclude>
    <ClInclude Include="keys.h">
      <Filter>Headers</Filter>
    </ClInclude>
    <ClInclude Include="LoadBlob.h">
      <Filter>Headers</Filter>
    </ClInclude>
    <ClInclude Include="mathlib.h">
      <Filter>Headers</Filter>
    </ClInclude>
    <ClInclude Include="mem.h">
      <Filter>Headers</Filter>
    </ClInclude>
    <ClInclude Include="modelgen.h">
      <Filter>Headers</Filter>
    </ClInclude>
    <ClInclude Include="modinfo.h">
      <Filter>Headers</Filter>
    </ClInclude>
    <ClInclude Include="module.h">
      <Filter>Headers</Filter>
    </ClInclude>
    <ClInclude Include="net.h">
      <Filter>Headers</Filter>
    </ClInclude>
    <ClInclude Include="net_api_int.h">
      <Filter>Headers</Filter>
    </ClInclude>
    <ClInclude Include="net_chan.h">
      <Filter>Headers</Filter>
    </ClInclude>
    <ClInclude Include="pmove.h">
      <Filter>Headers</Filter>
    </ClInclude>
    <ClInclude Include="pmovetst.h">
      <Filter>Headers</Filter>
    </ClInclude>
    <ClInclude Include="pr_cmds.h">
      <Filter>Headers</Filter>
    </ClInclude>
    <ClInclude Include="pr_edict.h">
      <Filter>Headers</Filter>
    </ClInclude>
    <ClInclude Include="progdefs.h">
      <Filter>Headers</Filter>
    </ClInclude>
    <ClInclude Include="progs.h">
      <Filter>Headers</Filter>
    </ClInclude>
    <ClInclude Include="protocol.h">
      <Filter>Headers</Filter>
    </ClInclude>
    <ClInclude Include="qgl.h">
      <Filter>Headers</Filter>
    </ClInclude>
    <ClInclude Include="quakedef.h">
      <Filter>Headers</Filter>
    </ClInclude>
    <ClInclude Include="r_efx_int.h">
      <Filter>Headers</Filter>
    </ClInclude>
    <ClInclude Include="r_part.h">
      <Filter>Headers</Filter>
    </ClInclude>
    <ClInclude Include="r_studio.h">
      <Filter>Headers</Filter>
    </ClInclude>
    <ClInclude Include="r_triangle.h">
      <Filter>Headers</Filter>
    </ClInclude>
    <ClInclude Include="render.h">
      <Filter>Headers</Filter>
    </ClInclude>
    <ClInclude Include="server.h">
      <Filter>Headers</Filter>
    </ClInclude>
    <ClInclude Include="shake.h">
      <Filter>Headers</Filter>
    </ClInclude>
    <ClInclude Include="sound.h">
      <Filter>Headers</Filter>
    </ClInclude>
    <ClInclude Include="spritegn.h">
      <Filter>Headers</Filter>
    </ClInclude>
    <ClInclude Include="studio.h">
      <Filter>Headers</Filter>
    </ClInclude>
    <ClInclude Include="sv_log.h">
      <Filter>Headers</Filter>
    </ClInclude>
    <ClInclude Include="sv_main.h">
      <Filter>Headers</Filter>
    </ClInclude>
    <ClInclude Include="sv_phys.h">
      <Filter>Headers</Filter>
    </ClInclude>
    <ClInclude Include="sv_secure.h">
      <Filter>Headers</Filter>
    </ClInclude>
    <ClInclude Include="sv_steam3.h">
      <Filter>Headers</Filter>
    </ClInclude>
    <ClInclude Include="sv_upld.h">
      <Filter>Headers</Filter>
    </ClInclude>
    <ClInclude Include="sys.h">
      <Filter>Headers</Filter>
    </ClInclude>
    <ClInclude Include="sys_getmodes.h">
      <Filter>Headers</Filter>
    </ClInclude>
    <ClInclude Include="SystemWrapper.h">
      <Filter>Headers</Filter>
    </ClInclude>
    <ClInclude Include="vgui2\text_draw.h">
      <Filter>Headers</Filter>
    </ClInclude>
    <ClInclude Include="textures.h">
      <Filter>Headers</Filter>
    </ClInclude>
    <ClInclude Include="tmessage.h">
      <Filter>Headers</Filter>
    </ClInclude>
    <ClInclude Include="traceinit.h">
      <Filter>Headers</Filter>
    </ClInclude>
    <ClInclude Include="vgui_EngineSurface.h">
      <Filter>Headers</Filter>
    </ClInclude>
    <ClInclude Include="VGUI_EngineSurfaceWrap.h">
      <Filter>Headers</Filter>
    </ClInclude>
    <ClInclude Include="vgui_int.h">
      <Filter>Headers</Filter>
    </ClInclude>
    <ClInclude Include="vid.h">
      <Filter>Headers</Filter>
    </ClInclude>
    <ClInclude Include="view.h">
      <Filter>Headers</Filter>
    </ClInclude>
    <ClInclude Include="voice.h">
      <Filter>Headers</Filter>
    </ClInclude>
    <ClInclude Include="wad.h">
      <Filter>Headers</Filter>
    </ClInclude>
    <ClInclude Include="world.h">
      <Filter>Headers</Filter>
    </ClInclude>
    <ClInclude Include="zone.h">
      <Filter>Headers</Filter>
    </ClInclude>
  </ItemGroup>
</Project>