<?xml version="1.0" encoding="utf-8"?>
<Project ToolsVersion="4.0" xmlns="http://schemas.microsoft.com/developer/msbuild/2003">
  <ItemGroup>
    <Filter Include="Source Files">
      <UniqueIdentifier>{4FC737F1-C7A5-4376-A066-2A32D752A2FF}</UniqueIdentifier>
      <Extensions>cpp;c;cc;cxx;def;odl;idl;hpj;bat;asm;asmx</Extensions>
    </Filter>
    <Filter Include="Header Files">
      <UniqueIdentifier>{93995380-89BD-4b04-88EB-625FBE52EBFB}</UniqueIdentifier>
      <Extensions>h;hpp;hxx;hm;inl;inc;xsd</Extensions>
    </Filter>
    <Filter Include="Resource Files">
      <UniqueIdentifier>{67DA6AB6-F800-4c08-8B7A-83BB121AAD01}</UniqueIdentifier>
      <Extensions>rc;ico;cur;bmp;dlg;rc2;rct;bin;rgs;gif;jpg;jpeg;jpe;resx;tiff;tif;png;wav;mfcribbon-ms</Extensions>
    </Filter>
    <Filter Include="Source Files\dlls">
      <UniqueIdentifier>{a59f65b1-455f-459d-bc2a-75775255cd5c}</UniqueIdentifier>
    </Filter>
    <Filter Include="Source Files\dlls\wpn_shared">
      <UniqueIdentifier>{000b311c-d555-467e-b6cb-5e669fb8c45e}</UniqueIdentifier>
    </Filter>
    <Filter Include="Source Files\pm_shared">
      <UniqueIdentifier>{7f184267-1d16-4bbc-9212-a804fcd04e6a}</UniqueIdentifier>
    </Filter>
    <Filter Include="Source Files\game_shared">
      <UniqueIdentifier>{9cd951c6-53c4-4c79-826f-13ac1af8a8b6}</UniqueIdentifier>
    </Filter>
    <Filter Include="Header Files\dlls">
      <UniqueIdentifier>{e3b69fef-bfa6-4270-8280-f2b25793ac4e}</UniqueIdentifier>
    </Filter>
    <Filter Include="Header Files\engine">
      <UniqueIdentifier>{b85e935a-5cc8-482d-b85f-6cdaa3452ccb}</UniqueIdentifier>
    </Filter>
    <Filter Include="Header Files\pm_shared">
      <UniqueIdentifier>{37941113-16fa-4ce0-9bdd-a72a1ced8902}</UniqueIdentifier>
    </Filter>
    <Filter Include="Header Files\common">
      <UniqueIdentifier>{d9b0bb75-7f25-443b-8899-6b1a9e1dd63c}</UniqueIdentifier>
    </Filter>
  </ItemGroup>
  <ItemGroup>
    <ClCompile Include=".\aflock.cpp">
      <Filter>Source Files</Filter>
    </ClCompile>
    <ClCompile Include=".\agrunt.cpp">
      <Filter>Source Files</Filter>
    </ClCompile>
    <ClCompile Include=".\airtank.cpp">
      <Filter>Source Files</Filter>
    </ClCompile>
    <ClCompile Include=".\animating.cpp">
      <Filter>Source Files</Filter>
    </ClCompile>
    <ClCompile Include=".\animation.cpp">
      <Filter>Source Files</Filter>
    </ClCompile>
    <ClCompile Include=".\apache.cpp">
      <Filter>Source Files</Filter>
    </ClCompile>
    <ClCompile Include=".\barnacle.cpp">
      <Filter>Source Files</Filter>
    </ClCompile>
    <ClCompile Include=".\barney.cpp">
      <Filter>Source Files</Filter>
    </ClCompile>
    <ClCompile Include=".\bigmomma.cpp">
      <Filter>Source Files</Filter>
    </ClCompile>
    <ClCompile Include=".\bloater.cpp">
      <Filter>Source Files</Filter>
    </ClCompile>
    <ClCompile Include=".\bmodels.cpp">
      <Filter>Source Files</Filter>
    </ClCompile>
    <ClCompile Include=".\bullsquid.cpp">
      <Filter>Source Files</Filter>
    </ClCompile>
    <ClCompile Include=".\buttons.cpp">
      <Filter>Source Files</Filter>
    </ClCompile>
    <ClCompile Include=".\cbase.cpp">
      <Filter>Source Files</Filter>
    </ClCompile>
    <ClCompile Include=".\client.cpp">
      <Filter>Source Files</Filter>
    </ClCompile>
    <ClCompile Include=".\combat.cpp">
      <Filter>Source Files</Filter>
    </ClCompile>
    <ClCompile Include=".\controller.cpp">
      <Filter>Source Files</Filter>
    </ClCompile>
    <ClCompile Include=".\crossbow.cpp">
      <Filter>Source Files</Filter>
    </ClCompile>
    <ClCompile Include=".\crowbar.cpp">
      <Filter>Source Files</Filter>
    </ClCompile>
    <ClCompile Include=".\defaultai.cpp">
      <Filter>Source Files</Filter>
    </ClCompile>
    <ClCompile Include=".\doors.cpp">
      <Filter>Source Files</Filter>
    </ClCompile>
    <ClCompile Include=".\effects.cpp">
      <Filter>Source Files</Filter>
    </ClCompile>
    <ClCompile Include=".\egon.cpp">
      <Filter>Source Files</Filter>
    </ClCompile>
    <ClCompile Include=".\explode.cpp">
      <Filter>Source Files</Filter>
    </ClCompile>
    <ClCompile Include=".\flyingmonster.cpp">
      <Filter>Source Files</Filter>
    </ClCompile>
    <ClCompile Include=".\func_break.cpp">
      <Filter>Source Files</Filter>
    </ClCompile>
    <ClCompile Include=".\func_tank.cpp">
      <Filter>Source Files</Filter>
    </ClCompile>
    <ClCompile Include=".\game.cpp">
      <Filter>Source Files</Filter>
    </ClCompile>
    <ClCompile Include=".\gamerules.cpp">
      <Filter>Source Files</Filter>
    </ClCompile>
    <ClCompile Include=".\gargantua.cpp">
      <Filter>Source Files</Filter>
    </ClCompile>
    <ClCompile Include=".\gauss.cpp">
      <Filter>Source Files</Filter>
    </ClCompile>
    <ClCompile Include=".\genericmonster.cpp">
      <Filter>Source Files</Filter>
    </ClCompile>
    <ClCompile Include=".\ggrenade.cpp">
      <Filter>Source Files</Filter>
    </ClCompile>
    <ClCompile Include=".\globals.cpp">
      <Filter>Source Files</Filter>
    </ClCompile>
    <ClCompile Include=".\gman.cpp">
      <Filter>Source Files</Filter>
    </ClCompile>
    <ClCompile Include=".\handgrenade.cpp">
      <Filter>Source Files</Filter>
    </ClCompile>
    <ClCompile Include=".\hassassin.cpp">
      <Filter>Source Files</Filter>
    </ClCompile>
    <ClCompile Include=".\headcrab.cpp">
      <Filter>Source Files</Filter>
    </ClCompile>
    <ClCompile Include=".\healthkit.cpp">
      <Filter>Source Files</Filter>
    </ClCompile>
    <ClCompile Include=".\hgrunt.cpp">
      <Filter>Source Files</Filter>
    </ClCompile>
    <ClCompile Include=".\hornet.cpp">
      <Filter>Source Files</Filter>
    </ClCompile>
    <ClCompile Include=".\hornetgun.cpp">
      <Filter>Source Files</Filter>
    </ClCompile>
    <ClCompile Include=".\houndeye.cpp">
      <Filter>Source Files</Filter>
    </ClCompile>
    <ClCompile Include=".\h_ai.cpp">
      <Filter>Source Files</Filter>
    </ClCompile>
    <ClCompile Include=".\h_battery.cpp">
      <Filter>Source Files</Filter>
    </ClCompile>
    <ClCompile Include=".\h_cine.cpp">
      <Filter>Source Files</Filter>
    </ClCompile>
    <ClCompile Include=".\h_cycler.cpp">
      <Filter>Source Files</Filter>
    </ClCompile>
    <ClCompile Include=".\h_export.cpp">
      <Filter>Source Files</Filter>
    </ClCompile>
    <ClCompile Include=".\ichthyosaur.cpp">
      <Filter>Source Files</Filter>
    </ClCompile>
    <ClCompile Include=".\islave.cpp">
      <Filter>Source Files</Filter>
    </ClCompile>
    <ClCompile Include=".\items.cpp">
      <Filter>Source Files</Filter>
    </ClCompile>
    <ClCompile Include=".\leech.cpp">
      <Filter>Source Files</Filter>
    </ClCompile>
    <ClCompile Include=".\lights.cpp">
      <Filter>Source Files</Filter>
    </ClCompile>
    <ClCompile Include=".\maprules.cpp">
      <Filter>Source Files</Filter>
    </ClCompile>
    <ClCompile Include=".\monstermaker.cpp">
      <Filter>Source Files</Filter>
    </ClCompile>
    <ClCompile Include=".\monsters.cpp">
      <Filter>Source Files</Filter>
    </ClCompile>
    <ClCompile Include=".\monsterstate.cpp">
      <Filter>Source Files</Filter>
    </ClCompile>
    <ClCompile Include=".\mortar.cpp">
      <Filter>Source Files</Filter>
    </ClCompile>
    <ClCompile Include=".\mp5.cpp">
      <Filter>Source Files</Filter>
    </ClCompile>
    <ClCompile Include=".\multiplay_gamerules.cpp">
      <Filter>Source Files</Filter>
    </ClCompile>
    <ClCompile Include=".\nihilanth.cpp">
      <Filter>Source Files</Filter>
    </ClCompile>
    <ClCompile Include=".\nodes.cpp">
      <Filter>Source Files</Filter>
    </ClCompile>
    <ClCompile Include=".\observer.cpp">
      <Filter>Source Files</Filter>
    </ClCompile>
    <ClCompile Include=".\osprey.cpp">
      <Filter>Source Files</Filter>
    </ClCompile>
    <ClCompile Include=".\pathcorner.cpp">
      <Filter>Source Files</Filter>
    </ClCompile>
    <ClCompile Include=".\plane.cpp">
      <Filter>Source Files</Filter>
    </ClCompile>
    <ClCompile Include=".\plats.cpp">
      <Filter>Source Files</Filter>
    </ClCompile>
    <ClCompile Include=".\player.cpp">
      <Filter>Source Files</Filter>
    </ClCompile>
    <ClCompile Include=".\python.cpp">
      <Filter>Source Files</Filter>
    </ClCompile>
    <ClCompile Include=".\rat.cpp">
      <Filter>Source Files</Filter>
    </ClCompile>
    <ClCompile Include=".\roach.cpp">
      <Filter>Source Files</Filter>
    </ClCompile>
    <ClCompile Include=".\rpg.cpp">
      <Filter>Source Files</Filter>
    </ClCompile>
    <ClCompile Include=".\satchel.cpp">
      <Filter>Source Files</Filter>
    </ClCompile>
    <ClCompile Include=".\schedule.cpp">
      <Filter>Source Files</Filter>
    </ClCompile>
    <ClCompile Include=".\scientist.cpp">
      <Filter>Source Files</Filter>
    </ClCompile>
    <ClCompile Include=".\scripted.cpp">
      <Filter>Source Files</Filter>
    </ClCompile>
    <ClCompile Include=".\shotgun.cpp">
      <Filter>Source Files</Filter>
    </ClCompile>
    <ClCompile Include=".\singleplay_gamerules.cpp">
      <Filter>Source Files</Filter>
    </ClCompile>
    <ClCompile Include=".\skill.cpp">
      <Filter>Source Files</Filter>
    </ClCompile>
    <ClCompile Include=".\sound.cpp">
      <Filter>Source Files</Filter>
    </ClCompile>
    <ClCompile Include=".\soundent.cpp">
      <Filter>Source Files</Filter>
    </ClCompile>
    <ClCompile Include=".\spectator.cpp">
      <Filter>Source Files</Filter>
    </ClCompile>
    <ClCompile Include=".\squadmonster.cpp">
      <Filter>Source Files</Filter>
    </ClCompile>
    <ClCompile Include=".\squeakgrenade.cpp">
      <Filter>Source Files</Filter>
    </ClCompile>
    <ClCompile Include=".\subs.cpp">
      <Filter>Source Files</Filter>
    </ClCompile>
    <ClCompile Include=".\talkmonster.cpp">
      <Filter>Source Files</Filter>
    </ClCompile>
    <ClCompile Include=".\teamplay_gamerules.cpp">
      <Filter>Source Files</Filter>
    </ClCompile>
    <ClCompile Include=".\tempmonster.cpp">
      <Filter>Source Files</Filter>
    </ClCompile>
    <ClCompile Include=".\tentacle.cpp">
      <Filter>Source Files</Filter>
    </ClCompile>
    <ClCompile Include=".\triggers.cpp">
      <Filter>Source Files</Filter>
    </ClCompile>
    <ClCompile Include=".\tripmine.cpp">
      <Filter>Source Files</Filter>
    </ClCompile>
    <ClCompile Include=".\turret.cpp">
      <Filter>Source Files</Filter>
    </ClCompile>
    <ClCompile Include=".\util.cpp">
      <Filter>Source Files</Filter>
    </ClCompile>
    <ClCompile Include=".\weapons.cpp">
      <Filter>Source Files</Filter>
    </ClCompile>
    <ClCompile Include=".\world.cpp">
      <Filter>Source Files</Filter>
    </ClCompile>
    <ClCompile Include=".\wpn_shared\hl_wpn_glock.cpp">
      <Filter>Source Files</Filter>
    </ClCompile>
    <ClCompile Include=".\xen.cpp">
      <Filter>Source Files</Filter>
    </ClCompile>
    <ClCompile Include=".\zombie.cpp">
      <Filter>Source Files</Filter>
    </ClCompile>
    <ClCompile Include="..\game_shared\voice_gamemgr.cpp">
      <Filter>Source Files</Filter>
    </ClCompile>
    <ClCompile Include="..\pm_shared\pm_debug.cpp">
      <Filter>Source Files</Filter>
    </ClCompile>
    <ClCompile Include="..\pm_shared\pm_math.cpp">
      <Filter>Source Files</Filter>
    </ClCompile>
    <ClCompile Include="..\pm_shared\pm_shared.cpp">
      <Filter>Source Files</Filter>
    </ClCompile>
  </ItemGroup>
  <ItemGroup>
    <ClInclude Include="..\common\Platform.h">
      <Filter>Header Files</Filter>
    </ClInclude>
    <ClInclude Include=".\activity.h">
      <Filter>Header Files</Filter>
    </ClInclude>
    <ClInclude Include=".\activitymap.h">
      <Filter>Header Files</Filter>
    </ClInclude>
    <ClInclude Include=".\animation.h">
      <Filter>Header Files</Filter>
    </ClInclude>
    <ClInclude Include=".\basemonster.h">
      <Filter>Header Files</Filter>
    </ClInclude>
    <ClInclude Include=".\cbase.h">
      <Filter>Header Files</Filter>
    </ClInclude>
    <ClInclude Include=".\cdll_dll.h">
      <Filter>Header Files</Filter>
    </ClInclude>
    <ClInclude Include=".\client.h">
      <Filter>Header Files</Filter>
    </ClInclude>
    <ClInclude Include=".\decals.h">
      <Filter>Header Files</Filter>
    </ClInclude>
    <ClInclude Include=".\defaultai.h">
      <Filter>Header Files</Filter>
    </ClInclude>
    <ClInclude Include=".\doors.h">
      <Filter>Header Files</Filter>
    </ClInclude>
    <ClInclude Include=".\effects.h">
      <Filter>Header Files</Filter>
    </ClInclude>
    <ClInclude Include=".\enginecallback.h">
      <Filter>Header Files</Filter>
    </ClInclude>
    <ClInclude Include=".\explode.h">
      <Filter>Header Files</Filter>
    </ClInclude>
    <ClInclude Include=".\extdll.h">
      <Filter>Header Files</Filter>
    </ClInclude>
    <ClInclude Include=".\flyingmonster.h">
      <Filter>Header Files</Filter>
    </ClInclude>
    <ClInclude Include=".\func_break.h">
      <Filter>Header Files</Filter>
    </ClInclude>
    <ClInclude Include=".\gamerules.h">
      <Filter>Header Files</Filter>
    </ClInclude>
    <ClInclude Include=".\hornet.h">
      <Filter>Header Files</Filter>
    </ClInclude>
    <ClInclude Include=".\items.h">
      <Filter>Header Files</Filter>
    </ClInclude>
    <ClInclude Include=".\monsterevent.h">
      <Filter>Header Files</Filter>
    </ClInclude>
    <ClInclude Include=".\monsters.h">
      <Filter>Header Files</Filter>
    </ClInclude>
    <ClInclude Include=".\nodes.h">
      <Filter>Header Files</Filter>
    </ClInclude>
    <ClInclude Include=".\plane.h">
      <Filter>Header Files</Filter>
    </ClInclude>
    <ClInclude Include=".\player.h">
      <Filter>Header Files</Filter>
    </ClInclude>
    <ClInclude Include=".\saverestore.h">
      <Filter>Header Files</Filter>
    </ClInclude>
    <ClInclude Include=".\schedule.h">
      <Filter>Header Files</Filter>
    </ClInclude>
    <ClInclude Include=".\scripted.h">
      <Filter>Header Files</Filter>
    </ClInclude>
    <ClInclude Include=".\scriptevent.h">
      <Filter>Header Files</Filter>
    </ClInclude>
    <ClInclude Include=".\skill.h">
      <Filter>Header Files</Filter>
    </ClInclude>
    <ClInclude Include=".\soundent.h">
      <Filter>Header Files</Filter>
    </ClInclude>
    <ClInclude Include=".\spectator.h">
      <Filter>Header Files</Filter>
    </ClInclude>
    <ClInclude Include=".\squadmonster.h">
      <Filter>Header Files</Filter>
    </ClInclude>
    <ClInclude Include=".\talkmonster.h">
      <Filter>Header Files</Filter>
    </ClInclude>
    <ClInclude Include=".\teamplay_gamerules.h">
      <Filter>Header Files</Filter>
    </ClInclude>
    <ClInclude Include=".\trains.h">
      <Filter>Header Files</Filter>
    </ClInclude>
    <ClInclude Include=".\util.h">
      <Filter>Header Files</Filter>
    </ClInclude>
    <ClInclude Include=".\vector.h">
      <Filter>Header Files</Filter>
    </ClInclude>
    <ClInclude Include=".\weapons.h">
      <Filter>Header Files</Filter>
    </ClInclude>
    <ClInclude Include="..\engine\eiface.h">
      <Filter>Header Files</Filter>
    </ClInclude>
    <ClInclude Include="..\pm_shared\pm_debug.h">
      <Filter>Header Files</Filter>
    </ClInclude>
    <ClInclude Include="..\pm_shared\pm_defs.h">
      <Filter>Header Files</Filter>
    </ClInclude>
    <ClInclude Include="..\pm_shared\pm_info.h">
      <Filter>Header Files</Filter>
    </ClInclude>
    <ClInclude Include="..\pm_shared\pm_materials.h">
      <Filter>Header Files</Filter>
    </ClInclude>
    <ClInclude Include="..\pm_shared\pm_movevars.h">
      <Filter>Header Files</Filter>
    </ClInclude>
    <ClInclude Include="..\pm_shared\pm_shared.h">
      <Filter>Header Files</Filter>
    </ClInclude>
  </ItemGroup>
</Project>